{
  "name": "learning-platform",
  "lockfileVersion": 2,
  "requires": true,
  "packages": {
    "": {
      "dependencies": {
        "react-unity-webgl": "^9.4.3"
      }
    },
    "node_modules/react-unity-webgl": {
      "version": "9.4.3",
      "resolved": "https://registry.npmjs.org/react-unity-webgl/-/react-unity-webgl-9.4.3.tgz",
      "integrity": "sha512-P/NhKil8EZRtT3q87DC0EgxdNd3c5wa34DMWr5128r2bZojgVIJJu+b20RtGaJpW4lxg6SB2PNN4+R2QujKlDw==",
      "funding": [
        {
          "type": "github",
          "url": "https://github.com/sponsors/jeffreylanters"
        },
        {
          "type": "website",
          "url": "https://react-unity-webgl.dev/support"
        }
      ],
      "peerDependencies": {
        "react": ">=16.8.0"
      }
    }
  },
  "dependencies": {
    "react-unity-webgl": {
      "version": "9.4.3",
      "resolved": "https://registry.npmjs.org/react-unity-webgl/-/react-unity-webgl-9.4.3.tgz",
      "integrity": "sha512-P/NhKil8EZRtT3q87DC0EgxdNd3c5wa34DMWr5128r2bZojgVIJJu+b20RtGaJpW4lxg6SB2PNN4+R2QujKlDw=="
    }
  }
}
